
Microsoft Visual Studio Solution File, Format Version 12.00
# Visual Studio 15
VisualStudioVersion = 15.0.27703.2026
MinimumVisualStudioVersion = 10.0.40219.1
Project("{9A19103F-16F7-4668-BE54-9A1E7A4F7556}") = "TASK3.Round", "E:\XT-2018Q4-master\XT-2018Q4-master\TASK3\TASK3.Round\TASK3.Round.csproj", "{9B249AB4-27B8-4915-A734-736AB0F3034A}"
EndProject
Project("{9A19103F-16F7-4668-BE54-9A1E7A4F7556}") = "TASK3.Triangle", "E:\XT-2018Q4-master\XT-2018Q4-master\TASK3\TASK3.Triangle\TASK3.Triangle.csproj", "{FB2666B8-70BA-477E-BFB4-DE6C9274E01D}"
EndProject
Project("{FAE04EC0-301F-11D3-BF4B-00C04F79EFBC}") = "TASK3.User", "E:\XT-2018Q4-master\XT-2018Q4-master\TASK3\TASK3.User\TASK3.User.csproj", "{9F507028-CD00-41F0-9919-0E2F0222D09D}"
EndProject
Project("{9A19103F-16F7-4668-BE54-9A1E7A4F7556}") = "TASK3.MyString", "E:\XT-2018Q4-master\XT-2018Q4-master\TASK3\TASK3.MyString\TASK3.MyString.csproj", "{FB45A9FC-698E-42C1-AB87-BB5AC443D217}"
EndProject
Project("{9A19103F-16F7-4668-BE54-9A1E7A4F7556}") = "TASK3.Employee", "E:\XT-2018Q4-master\XT-2018Q4-master\TASK3\TASK3.Employee\TASK3.Employee.csproj", "{3E963A16-3A87-4642-83B4-C6124D0E9F8C}"
EndProject
Project("{9A19103F-16F7-4668-BE54-9A1E7A4F7556}") = "TASK3.Ring", "E:\XT-2018Q4-master\XT-2018Q4-master\TASK3\TASK3.Ring\TASK3.Ring.csproj", "{7597215C-1692-4AF3-851F-91741B38BC89}"
EndProject
Project("{9A19103F-16F7-4668-BE54-9A1E7A4F7556}") = "TASK3.VectorGraphicsEditor", "E:\XT-2018Q4-master\XT-2018Q4-master\TASK3\TASK3.VectorGraphicsEditor\TASK3.VectorGraphicsEditor.csproj", "{28043693-976A-4173-97C7-A5697DC117AC}"
EndProject
Project("{9A19103F-16F7-4668-BE54-9A1E7A4F7556}") = "TASK3.Game", "E:\XT-2018Q4-master\XT-2018Q4-master\TASK3\TASK3.Game\TASK3.Game.csproj", "{7FBAE13C-AE73-496C-90D8-F9D1F93A9770}"
EndProject
Global
	GlobalSection(SolutionConfigurationPlatforms) = preSolution
		Debug|Any CPU = Debug|Any CPU
		Release|Any CPU = Release|Any CPU
	EndGlobalSection
	GlobalSection(ProjectConfigurationPlatforms) = postSolution
		{9B249AB4-27B8-4915-A734-736AB0F3034A}.Debug|Any CPU.ActiveCfg = Debug|Any CPU
		{9B249AB4-27B8-4915-A734-736AB0F3034A}.Debug|Any CPU.Build.0 = Debug|Any CPU
		{9B249AB4-27B8-4915-A734-736AB0F3034A}.Release|Any CPU.ActiveCfg = Release|Any CPU
		{9B249AB4-27B8-4915-A734-736AB0F3034A}.Release|Any CPU.Build.0 = Release|Any CPU
		{FB2666B8-70BA-477E-BFB4-DE6C9274E01D}.Debug|Any CPU.ActiveCfg = Debug|Any CPU
		{FB2666B8-70BA-477E-BFB4-DE6C9274E01D}.Debug|Any CPU.Build.0 = Debug|Any CPU
		{FB2666B8-70BA-477E-BFB4-DE6C9274E01D}.Release|Any CPU.ActiveCfg = Release|Any CPU
		{FB2666B8-70BA-477E-BFB4-DE6C9274E01D}.Release|Any CPU.Build.0 = Release|Any CPU
		{9F507028-CD00-41F0-9919-0E2F0222D09D}.Debug|Any CPU.ActiveCfg = Debug|Any CPU
		{9F507028-CD00-41F0-9919-0E2F0222D09D}.Debug|Any CPU.Build.0 = Debug|Any CPU
		{9F507028-CD00-41F0-9919-0E2F0222D09D}.Release|Any CPU.ActiveCfg = Release|Any CPU
		{9F507028-CD00-41F0-9919-0E2F0222D09D}.Release|Any CPU.Build.0 = Release|Any CPU
		{FB45A9FC-698E-42C1-AB87-BB5AC443D217}.Debug|Any CPU.ActiveCfg = Debug|Any CPU
		{FB45A9FC-698E-42C1-AB87-BB5AC443D217}.Debug|Any CPU.Build.0 = Debug|Any CPU
		{FB45A9FC-698E-42C1-AB87-BB5AC443D217}.Release|Any CPU.ActiveCfg = Release|Any CPU
		{FB45A9FC-698E-42C1-AB87-BB5AC443D217}.Release|Any CPU.Build.0 = Release|Any CPU
		{3E963A16-3A87-4642-83B4-C6124D0E9F8C}.Debug|Any CPU.ActiveCfg = Debug|Any CPU
		{3E963A16-3A87-4642-83B4-C6124D0E9F8C}.Debug|Any CPU.Build.0 = Debug|Any CPU
		{3E963A16-3A87-4642-83B4-C6124D0E9F8C}.Release|Any CPU.ActiveCfg = Release|Any CPU
		{3E963A16-3A87-4642-83B4-C6124D0E9F8C}.Release|Any CPU.Build.0 = Release|Any CPU
		{7597215C-1692-4AF3-851F-91741B38BC89}.Debug|Any CPU.ActiveCfg = Debug|Any CPU
		{7597215C-1692-4AF3-851F-91741B38BC89}.Debug|Any CPU.Build.0 = Debug|Any CPU
		{7597215C-1692-4AF3-851F-91741B38BC89}.Release|Any CPU.ActiveCfg = Release|Any CPU
		{7597215C-1692-4AF3-851F-91741B38BC89}.Release|Any CPU.Build.0 = Release|Any CPU
		{28043693-976A-4173-97C7-A5697DC117AC}.Debug|Any CPU.ActiveCfg = Debug|Any CPU
		{28043693-976A-4173-97C7-A5697DC117AC}.Debug|Any CPU.Build.0 = Debug|Any CPU
		{28043693-976A-4173-97C7-A5697DC117AC}.Release|Any CPU.ActiveCfg = Release|Any CPU
		{28043693-976A-4173-97C7-A5697DC117AC}.Release|Any CPU.Build.0 = Release|Any CPU
		{7FBAE13C-AE73-496C-90D8-F9D1F93A9770}.Debug|Any CPU.ActiveCfg = Debug|Any CPU
		{7FBAE13C-AE73-496C-90D8-F9D1F93A9770}.Debug|Any CPU.Build.0 = Debug|Any CPU
		{7FBAE13C-AE73-496C-90D8-F9D1F93A9770}.Release|Any CPU.ActiveCfg = Release|Any CPU
		{7FBAE13C-AE73-496C-90D8-F9D1F93A9770}.Release|Any CPU.Build.0 = Release|Any CPU
	EndGlobalSection
	GlobalSection(SolutionProperties) = preSolution
		HideSolutionNode = FALSE
	EndGlobalSection
	GlobalSection(ExtensibilityGlobals) = postSolution
		SolutionGuid = {7C9612FE-97B1-4A60-B660-95BBC720E2C3}
	EndGlobalSection
EndGlobal
